
Microsoft Visual Studio Solution File, Format Version 12.00
# Visual Studio Version 17
VisualStudioVersion = 17.8.34322.80
MinimumVisualStudioVersion = 10.0.40219.1
Project("{FAE04EC0-301F-11D3-BF4B-00C04F79EFBC}") = "crud", "crud.csproj", "{5670B09D-05E8-49C7-9188-55B5A1CDDA01}"
EndProject
Global
	GlobalSection(SolutionConfigurationPlatforms) = preSolution
		Debug|Any CPU = Debug|Any CPU
		Release|Any CPU = Release|Any CPU
	EndGlobalSection
	GlobalSection(ProjectConfigurationPlatforms) = postSolution
		{5670B09D-05E8-49C7-9188-55B5A1CDDA01}.Debug|Any CPU.ActiveCfg = Debug|Any CPU
		{5670B09D-05E8-49C7-9188-55B5A1CDDA01}.Debug|Any CPU.Build.0 = Debug|Any CPU
		{5670B09D-05E8-49C7-9188-55B5A1CDDA01}.Release|Any CPU.ActiveCfg = Release|Any CPU
		{5670B09D-05E8-49C7-9188-55B5A1CDDA01}.Release|Any CPU.Build.0 = Release|Any CPU
	EndGlobalSection
	GlobalSection(SolutionProperties) = preSolution
		HideSolutionNode = FALSE
	EndGlobalSection
	GlobalSection(ExtensibilityGlobals) = postSolution
		SolutionGuid = {D4EBD606-57B7-4233-883A-DEC1C2728CF5}
	EndGlobalSection
EndGlobal
